
Microsoft Visual Studio Solution File, Format Version 12.00
# Visual Studio 15
VisualStudioVersion = 15.0.27406.0
MinimumVisualStudioVersion = 10.0.40219.1
Project("{9A19103F-16F7-4668-BE54-9A1E7A4F7556}") = "Web", "AlexisCorePro\Web.csproj", "{32746890-33E9-44B0-A9D7-7785E8A8AF70}"
EndProject
Project("{9A19103F-16F7-4668-BE54-9A1E7A4F7556}") = "IntegrationTests", "IntegrationTests\IntegrationTests.csproj", "{64F81880-C398-4819-9D1C-0EA8DE0B9B48}"
EndProject
Project("{9A19103F-16F7-4668-BE54-9A1E7A4F7556}") = "Localization", "Localization\Localization.csproj", "{50F9E82A-B5F6-49FD-9675-92B31F469EE3}"
EndProject
Project("{FAE04EC0-301F-11D3-BF4B-00C04F79EFBC}") = "Domain", "Domain\Domain.csproj", "{9CC65B09-E805-4729-9A5E-FF0CB36C38E5}"
EndProject
Project("{FAE04EC0-301F-11D3-BF4B-00C04F79EFBC}") = "Infrastructure", "Infrastructure\Infrastructure.csproj", "{9A01FF16-98E4-4CD8-8152-2EA582AD55F9}"
EndProject
Project("{FAE04EC0-301F-11D3-BF4B-00C04F79EFBC}") = "Core", "Core\Core.csproj", "{3939A9A5-94D3-43DF-BF1B-00782D9D2A01}"
EndProject
Global
	GlobalSection(SolutionConfigurationPlatforms) = preSolution
		Debug|Any CPU = Debug|Any CPU
		Release|Any CPU = Release|Any CPU
	EndGlobalSection
	GlobalSection(ProjectConfigurationPlatforms) = postSolution
		{32746890-33E9-44B0-A9D7-7785E8A8AF70}.Debug|Any CPU.ActiveCfg = Debug|Any CPU
		{32746890-33E9-44B0-A9D7-7785E8A8AF70}.Debug|Any CPU.Build.0 = Debug|Any CPU
		{32746890-33E9-44B0-A9D7-7785E8A8AF70}.Release|Any CPU.ActiveCfg = Release|Any CPU
		{32746890-33E9-44B0-A9D7-7785E8A8AF70}.Release|Any CPU.Build.0 = Release|Any CPU
		{64F81880-C398-4819-9D1C-0EA8DE0B9B48}.Debug|Any CPU.ActiveCfg = Debug|Any CPU
		{64F81880-C398-4819-9D1C-0EA8DE0B9B48}.Debug|Any CPU.Build.0 = Debug|Any CPU
		{64F81880-C398-4819-9D1C-0EA8DE0B9B48}.Release|Any CPU.ActiveCfg = Release|Any CPU
		{64F81880-C398-4819-9D1C-0EA8DE0B9B48}.Release|Any CPU.Build.0 = Release|Any CPU
		{50F9E82A-B5F6-49FD-9675-92B31F469EE3}.Debug|Any CPU.ActiveCfg = Debug|Any CPU
		{50F9E82A-B5F6-49FD-9675-92B31F469EE3}.Debug|Any CPU.Build.0 = Debug|Any CPU
		{50F9E82A-B5F6-49FD-9675-92B31F469EE3}.Release|Any CPU.ActiveCfg = Release|Any CPU
		{50F9E82A-B5F6-49FD-9675-92B31F469EE3}.Release|Any CPU.Build.0 = Release|Any CPU
		{9CC65B09-E805-4729-9A5E-FF0CB36C38E5}.Debug|Any CPU.ActiveCfg = Debug|Any CPU
		{9CC65B09-E805-4729-9A5E-FF0CB36C38E5}.Debug|Any CPU.Build.0 = Debug|Any CPU
		{9CC65B09-E805-4729-9A5E-FF0CB36C38E5}.Release|Any CPU.ActiveCfg = Release|Any CPU
		{9CC65B09-E805-4729-9A5E-FF0CB36C38E5}.Release|Any CPU.Build.0 = Release|Any CPU
		{9A01FF16-98E4-4CD8-8152-2EA582AD55F9}.Debug|Any CPU.ActiveCfg = Debug|Any CPU
		{9A01FF16-98E4-4CD8-8152-2EA582AD55F9}.Debug|Any CPU.Build.0 = Debug|Any CPU
		{9A01FF16-98E4-4CD8-8152-2EA582AD55F9}.Release|Any CPU.ActiveCfg = Release|Any CPU
		{9A01FF16-98E4-4CD8-8152-2EA582AD55F9}.Release|Any CPU.Build.0 = Release|Any CPU
		{3939A9A5-94D3-43DF-BF1B-00782D9D2A01}.Debug|Any CPU.ActiveCfg = Debug|Any CPU
		{3939A9A5-94D3-43DF-BF1B-00782D9D2A01}.Debug|Any CPU.Build.0 = Debug|Any CPU
		{3939A9A5-94D3-43DF-BF1B-00782D9D2A01}.Release|Any CPU.ActiveCfg = Release|Any CPU
		{3939A9A5-94D3-43DF-BF1B-00782D9D2A01}.Release|Any CPU.Build.0 = Release|Any CPU
	EndGlobalSection
	GlobalSection(SolutionProperties) = preSolution
		HideSolutionNode = FALSE
	EndGlobalSection
	GlobalSection(ExtensibilityGlobals) = postSolution
		SolutionGuid = {99F4CBC9-149B-4EAF-88CF-CD4F103CED18}
	EndGlobalSection
EndGlobal
